{
  "originHash" : "92046cd5b2f2281033576764770b7a11ca088b9ebaf1f5b30fe730e9dc26f50e",
  "pins" : [
    {
      "identity" : "purchases-ios",
      "kind" : "remoteSourceControl",
      "location" : "https://github.com/RevenueCat/purchases-ios.git",
      "state" : {
        "revision" : "1821dc954cbd3fdc27a28f3356eb1a3d77642f04",
        "version" : "5.44.1"
      }
    }
  ],
  "version" : 3
}
