// !$*UTF8*$!
{
	archiveVersion = 1;
	classes = {
	};
	objectVersion = 77;
	objects = {

/* Begin PBXBuildFile section */
		7ADCD5A22EA8F90100CEDBDE /* RevenueCat in Frameworks */ = {isa = PBXBuildFile; productRef = 7ADCD5A12EA8F90100CEDBDE /* RevenueCat */; };
/* End PBXBuildFile section */

/* Begin PBXContainerItemProxy section */
		7A3A79FA2E9EFA80009511AF /* PBXContainerItemProxy */ = {
			isa = PBXContainerItemProxy;
			containerPortal = 7A3A79E42E9EFA7E009511AF /* Project object */;
			proxyType = 1;
			remoteGlobalIDString = 7A3A79EB2E9EFA7E009511AF;
			remoteInfo = pdf;
		};
		7A3A7A042E9EFA80009511AF /* PBXContainerItemProxy */ = {
			isa = PBXContainerItemProxy;
			containerPortal = 7A3A79E42E9EFA7E009511AF /* Project object */;
			proxyType = 1;
			remoteGlobalIDString = 7A3A79EB2E9EFA7E009511AF;
			remoteInfo = pdf;
		};
/* End PBXContainerItemProxy section */

/* Begin PBXFileReference section */
		7A3A79EC2E9EFA7E009511AF /* pdf.app */ = {isa = PBXFileReference; explicitFileType = wrapper.application; includeInIndex = 0; path = pdf.app; sourceTree = BUILT_PRODUCTS_DIR; };
		7A3A79F92E9EFA80009511AF /* pdfTests.xctest */ = {isa = PBXFileReference; explicitFileType = wrapper.cfbundle; includeInIndex = 0; path = pdfTests.xctest; sourceTree = BUILT_PRODUCTS_DIR; };
		7A3A7A032E9EFA80009511AF /* pdfUITests.xctest */ = {isa = PBXFileReference; explicitFileType = wrapper.cfbundle; includeInIndex = 0; path = pdfUITests.xctest; sourceTree = BUILT_PRODUCTS_DIR; };
/* End PBXFileReference section */

/* Begin PBXFileSystemSynchronizedRootGroup section */
		7A3A79EE2E9EFA7E009511AF /* pdf */ = {
			isa = PBXFileSystemSynchronizedRootGroup;
			path = pdf;
			sourceTree = "<group>";
		};
		7A3A79FC2E9EFA80009511AF /* pdfTests */ = {
			isa = PBXFileSystemSynchronizedRootGroup;
			path = pdfTests;
			sourceTree = "<group>";
		};
		7A3A7A062E9EFA80009511AF /* pdfUITests */ = {
			isa = PBXFileSystemSynchronizedRootGroup;
			path = pdfUITests;
			sourceTree = "<group>";
		};
/* End PBXFileSystemSynchronizedRootGroup section */

/* Begin PBXFrameworksBuildPhase section */
		7A3A79E92E9EFA7E009511AF /* Frameworks */ = {
			isa = PBXFrameworksBuildPhase;
			buildActionMask = 2147483647;
			files = (
				7ADCD5A22EA8F90100CEDBDE /* RevenueCat in Frameworks */,
			);
			runOnlyForDeploymentPostprocessing = 0;
		};
		7A3A79F62E9EFA80009511AF /* Frameworks */ = {
			isa = PBXFrameworksBuildPhase;
			buildActionMask = 2147483647;
			files = (
			);
			runOnlyForDeploymentPostprocessing = 0;
		};
		7A3A7A002E9EFA80009511AF /* Frameworks */ = {
			isa = PBXFrameworksBuildPhase;
			buildActionMask = 2147483647;
			files = (
			);
			runOnlyForDeploymentPostprocessing = 0;
		};
/* End PBXFrameworksBuildPhase section */

/* Begin PBXGroup section */
		7A3A79E32E9EFA7E009511AF = {
			isa = PBXGroup;
			children = (
				7A3A79EE2E9EFA7E009511AF /* pdf */,
				7A3A79FC2E9EFA80009511AF /* pdfTests */,
				7A3A7A062E9EFA80009511AF /* pdfUITests */,
				7A3A79ED2E9EFA7E009511AF /* Products */,
			);
			sourceTree = "<group>";
		};
		7A3A79ED2E9EFA7E009511AF /* Products */ = {
			isa = PBXGroup;
			children = (
				7A3A79EC2E9EFA7E009511AF /* pdf.app */,
				7A3A79F92E9EFA80009511AF /* pdfTests.xctest */,
				7A3A7A032E9EFA80009511AF /* pdfUITests.xctest */,
			);
			name = Products;
			sourceTree = "<group>";
		};
/* End PBXGroup section */

/* Begin PBXNativeTarget section */
		7A3A79EB2E9EFA7E009511AF /* pdf */ = {
			isa = PBXNativeTarget;
			buildConfigurationList = 7A3A7A0D2E9EFA80009511AF /* Build configuration list for PBXNativeTarget "pdf" */;
			buildPhases = (
				7A3A79E82E9EFA7E009511AF /* Sources */,
				7A3A79E92E9EFA7E009511AF /* Frameworks */,
				7A3A79EA2E9EFA7E009511AF /* Resources */,
			);
			buildRules = (
			);
			dependencies = (
			);
			fileSystemSynchronizedGroups = (
				7A3A79EE2E9EFA7E009511AF /* pdf */,
			);
			name = pdf;
			packageProductDependencies = (
				7ADCD5A12EA8F90100CEDBDE /* RevenueCat */,
			);
			productName = pdf;
			productReference = 7A3A79EC2E9EFA7E009511AF /* pdf.app */;
			productType = "com.apple.product-type.application";
		};
		7A3A79F82E9EFA80009511AF /* pdfTests */ = {
			isa = PBXNativeTarget;
			buildConfigurationList = 7A3A7A102E9EFA80009511AF /* Build configuration list for PBXNativeTarget "pdfTests" */;
			buildPhases = (
				7A3A79F52E9EFA80009511AF /* Sources */,
				7A3A79F62E9EFA80009511AF /* Frameworks */,
				7A3A79F72E9EFA80009511AF /* Resources */,
			);
			buildRules = (
			);
			dependencies = (
				7A3A79FB2E9EFA80009511AF /* PBXTargetDependency */,
			);
			fileSystemSynchronizedGroups = (
				7A3A79FC2E9EFA80009511AF /* pdfTests */,
			);
			name = pdfTests;
			packageProductDependencies = (
			);
			productName = pdfTests;
			productReference = 7A3A79F92E9EFA80009511AF /* pdfTests.xctest */;
			productType = "com.apple.product-type.bundle.unit-test";
		};
		7A3A7A022E9EFA80009511AF /* pdfUITests */ = {
			isa = PBXNativeTarget;
			buildConfigurationList = 7A3A7A132E9EFA80009511AF /* Build configuration list for PBXNativeTarget "pdfUITests" */;
			buildPhases = (
				7A3A79FF2E9EFA80009511AF /* Sources */,
				7A3A7A002E9EFA80009511AF /* Frameworks */,
				7A3A7A012E9EFA80009511AF /* Resources */,
			);
			buildRules = (
			);
			dependencies = (
				7A3A7A052E9EFA80009511AF /* PBXTargetDependency */,
			);
			fileSystemSynchronizedGroups = (
				7A3A7A062E9EFA80009511AF /* pdfUITests */,
			);
			name = pdfUITests;
			packageProductDependencies = (
			);
			productName = pdfUITests;
			productReference = 7A3A7A032E9EFA80009511AF /* pdfUITests.xctest */;
			productType = "com.apple.product-type.bundle.ui-testing";
		};
/* End PBXNativeTarget section */

/* Begin PBXProject section */
		7A3A79E42E9EFA7E009511AF /* Project object */ = {
			isa = PBXProject;
			attributes = {
				BuildIndependentTargetsInParallel = 1;
				LastSwiftUpdateCheck = 2600;
				LastUpgradeCheck = 2600;
				TargetAttributes = {
					7A3A79EB2E9EFA7E009511AF = {
						CreatedOnToolsVersion = 26.0.1;
					};
					7A3A79F82E9EFA80009511AF = {
						CreatedOnToolsVersion = 26.0.1;
						TestTargetID = 7A3A79EB2E9EFA7E009511AF;
					};
					7A3A7A022E9EFA80009511AF = {
						CreatedOnToolsVersion = 26.0.1;
						TestTargetID = 7A3A79EB2E9EFA7E009511AF;
					};
				};
			};
			buildConfigurationList = 7A3A79E72E9EFA7E009511AF /* Build configuration list for PBXProject "pdf" */;
			developmentRegion = en;
			hasScannedForEncodings = 0;
			knownRegions = (
				en,
				Base,
				tr,
				de,
				fr,
				es,
				it,
				ru,
				uk,
				zh,
				ja,
				ko,
				pt,
				nl,
				id,
			);
			mainGroup = 7A3A79E32E9EFA7E009511AF;
			minimizedProjectReferenceProxies = 1;
			packageReferences = (
				7ADCD5A02EA8F90100CEDBDE /* XCRemoteSwiftPackageReference "purchases-ios" */,
			);
			preferredProjectObjectVersion = 77;
			productRefGroup = 7A3A79ED2E9EFA7E009511AF /* Products */;
			projectDirPath = "";
			projectRoot = "";
			targets = (
				7A3A79EB2E9EFA7E009511AF /* pdf */,
				7A3A79F82E9EFA80009511AF /* pdfTests */,
				7A3A7A022E9EFA80009511AF /* pdfUITests */,
			);
		};
/* End PBXProject section */

/* Begin PBXResourcesBuildPhase section */
		7A3A79EA2E9EFA7E009511AF /* Resources */ = {
			isa = PBXResourcesBuildPhase;
			buildActionMask = 2147483647;
			files = (
			);
			runOnlyForDeploymentPostprocessing = 0;
		};
		7A3A79F72E9EFA80009511AF /* Resources */ = {
			isa = PBXResourcesBuildPhase;
			buildActionMask = 2147483647;
			files = (
			);
			runOnlyForDeploymentPostprocessing = 0;
		};
		7A3A7A012E9EFA80009511AF /* Resources */ = {
			isa = PBXResourcesBuildPhase;
			buildActionMask = 2147483647;
			files = (
			);
			runOnlyForDeploymentPostprocessing = 0;
		};
/* End PBXResourcesBuildPhase section */

/* Begin PBXSourcesBuildPhase section */
		7A3A79E82E9EFA7E009511AF /* Sources */ = {
			isa = PBXSourcesBuildPhase;
			buildActionMask = 2147483647;
			files = (
			);
			runOnlyForDeploymentPostprocessing = 0;
		};
		7A3A79F52E9EFA80009511AF /* Sources */ = {
			isa = PBXSourcesBuildPhase;
			buildActionMask = 2147483647;
			files = (
			);
			runOnlyForDeploymentPostprocessing = 0;
		};
		7A3A79FF2E9EFA80009511AF /* Sources */ = {
			isa = PBXSourcesBuildPhase;
			buildActionMask = 2147483647;
			files = (
			);
			runOnlyForDeploymentPostprocessing = 0;
		};
/* End PBXSourcesBuildPhase section */

/* Begin PBXTargetDependency section */
		7A3A79FB2E9EFA80009511AF /* PBXTargetDependency */ = {
			isa = PBXTargetDependency;
			target = 7A3A79EB2E9EFA7E009511AF /* pdf */;
			targetProxy = 7A3A79FA2E9EFA80009511AF /* PBXContainerItemProxy */;
		};
		7A3A7A052E9EFA80009511AF /* PBXTargetDependency */ = {
			isa = PBXTargetDependency;
			target = 7A3A79EB2E9EFA7E009511AF /* pdf */;
			targetProxy = 7A3A7A042E9EFA80009511AF /* PBXContainerItemProxy */;
		};
/* End PBXTargetDependency section */

/* Begin XCBuildConfiguration section */
		7A3A7A0B2E9EFA80009511AF /* Debug */ = {
			isa = XCBuildConfiguration;
			buildSettings = {
				ALWAYS_SEARCH_USER_PATHS = NO;
				ASSETCATALOG_COMPILER_GENERATE_SWIFT_ASSET_SYMBOL_EXTENSIONS = YES;
				CLANG_ANALYZER_NONNULL = YES;
				CLANG_ANALYZER_NUMBER_OBJECT_CONVERSION = YES_AGGRESSIVE;
				CLANG_CXX_LANGUAGE_STANDARD = "gnu++20";
				CLANG_ENABLE_MODULES = YES;
				CLANG_ENABLE_OBJC_ARC = YES;
				CLANG_ENABLE_OBJC_WEAK = YES;
				CLANG_WARN_BLOCK_CAPTURE_AUTORELEASING = YES;
				CLANG_WARN_BOOL_CONVERSION = YES;
				CLANG_WARN_COMMA = YES;
				CLANG_WARN_CONSTANT_CONVERSION = YES;
				CLANG_WARN_DEPRECATED_OBJC_IMPLEMENTATIONS = YES;
				CLANG_WARN_DIRECT_OBJC_ISA_USAGE = YES_ERROR;
				CLANG_WARN_DOCUMENTATION_COMMENTS = YES;
				CLANG_WARN_EMPTY_BODY = YES;
				CLANG_WARN_ENUM_CONVERSION = YES;
				CLANG_WARN_INFINITE_RECURSION = YES;
				CLANG_WARN_INT_CONVERSION = YES;
				CLANG_WARN_NON_LITERAL_NULL_CONVERSION = YES;
				CLANG_WARN_OBJC_IMPLICIT_RETAIN_SELF = YES;
				CLANG_WARN_OBJC_LITERAL_CONVERSION = YES;
				CLANG_WARN_OBJC_ROOT_CLASS = YES_ERROR;
				CLANG_WARN_QUOTED_INCLUDE_IN_FRAMEWORK_HEADER = YES;
				CLANG_WARN_RANGE_LOOP_ANALYSIS = YES;
				CLANG_WARN_STRICT_PROTOTYPES = YES;
				CLANG_WARN_SUSPICIOUS_MOVE = YES;
				CLANG_WARN_UNGUARDED_AVAILABILITY = YES_AGGRESSIVE;
				CLANG_WARN_UNREACHABLE_CODE = YES;
				CLANG_WARN__DUPLICATE_METHOD_MATCH = YES;
				COPY_PHASE_STRIP = NO;
				DEBUG_INFORMATION_FORMAT = dwarf;
				DEVELOPMENT_TEAM = 4ZP85T87G5;
				ENABLE_STRICT_OBJC_MSGSEND = YES;
				ENABLE_TESTABILITY = YES;
				ENABLE_USER_SCRIPT_SANDBOXING = YES;
				GCC_C_LANGUAGE_STANDARD = gnu17;
				GCC_DYNAMIC_NO_PIC = NO;
				GCC_NO_COMMON_BLOCKS = YES;
				GCC_OPTIMIZATION_LEVEL = 0;
				GCC_PREPROCESSOR_DEFINITIONS = (
					"DEBUG=1",
					"$(inherited)",
				);
				GCC_WARN_64_TO_32_BIT_CONVERSION = YES;
				GCC_WARN_ABOUT_RETURN_TYPE = YES_ERROR;
				GCC_WARN_UNDECLARED_SELECTOR = YES;
				GCC_WARN_UNINITIALIZED_AUTOS = YES_AGGRESSIVE;
				GCC_WARN_UNUSED_FUNCTION = YES;
				GCC_WARN_UNUSED_VARIABLE = YES;
				IPHONEOS_DEPLOYMENT_TARGET = 26.0;
				LOCALIZATION_PREFERS_STRING_CATALOGS = YES;
				MTL_ENABLE_DEBUG_INFO = INCLUDE_SOURCE;
				MTL_FAST_MATH = YES;
				ONLY_ACTIVE_ARCH = YES;
				SDKROOT = iphoneos;
				SWIFT_ACTIVE_COMPILATION_CONDITIONS = "DEBUG $(inherited)";
				SWIFT_OPTIMIZATION_LEVEL = "-Onone";
			};
			name = Debug;
		};
		7A3A7A0C2E9EFA80009511AF /* Release */ = {
			isa = XCBuildConfiguration;
			buildSettings = {
				ALWAYS_SEARCH_USER_PATHS = NO;
				ASSETCATALOG_COMPILER_GENERATE_SWIFT_ASSET_SYMBOL_EXTENSIONS = YES;
				CLANG_ANALYZER_NONNULL = YES;
				CLANG_ANALYZER_NUMBER_OBJECT_CONVERSION = YES_AGGRESSIVE;
				CLANG_CXX_LANGUAGE_STANDARD = "gnu++20";
				CLANG_ENABLE_MODULES = YES;
				CLANG_ENABLE_OBJC_ARC = YES;
				CLANG_ENABLE_OBJC_WEAK = YES;
				CLANG_WARN_BLOCK_CAPTURE_AUTORELEASING = YES;
				CLANG_WARN_BOOL_CONVERSION = YES;
				CLANG_WARN_COMMA = YES;
				CLANG_WARN_CONSTANT_CONVERSION = YES;
				CLANG_WARN_DEPRECATED_OBJC_IMPLEMENTATIONS = YES;
				CLANG_WARN_DIRECT_OBJC_ISA_USAGE = YES_ERROR;
				CLANG_WARN_DOCUMENTATION_COMMENTS = YES;
				CLANG_WARN_EMPTY_BODY = YES;
				CLANG_WARN_ENUM_CONVERSION = YES;
				CLANG_WARN_INFINITE_RECURSION = YES;
				CLANG_WARN_INT_CONVERSION = YES;
				CLANG_WARN_NON_LITERAL_NULL_CONVERSION = YES;
				CLANG_WARN_OBJC_IMPLICIT_RETAIN_SELF = YES;
				CLANG_WARN_OBJC_LITERAL_CONVERSION = YES;
				CLANG_WARN_OBJC_ROOT_CLASS = YES_ERROR;
				CLANG_WARN_QUOTED_INCLUDE_IN_FRAMEWORK_HEADER = YES;
				CLANG_WARN_RANGE_LOOP_ANALYSIS = YES;
				CLANG_WARN_STRICT_PROTOTYPES = YES;
				CLANG_WARN_SUSPICIOUS_MOVE = YES;
				CLANG_WARN_UNGUARDED_AVAILABILITY = YES_AGGRESSIVE;
				CLANG_WARN_UNREACHABLE_CODE = YES;
				CLANG_WARN__DUPLICATE_METHOD_MATCH = YES;
				COPY_PHASE_STRIP = NO;
				DEBUG_INFORMATION_FORMAT = "dwarf-with-dsym";
				DEVELOPMENT_TEAM = 4ZP85T87G5;
				ENABLE_NS_ASSERTIONS = NO;
				ENABLE_STRICT_OBJC_MSGSEND = YES;
				ENABLE_USER_SCRIPT_SANDBOXING = YES;
				GCC_C_LANGUAGE_STANDARD = gnu17;
				GCC_NO_COMMON_BLOCKS = YES;
				GCC_WARN_64_TO_32_BIT_CONVERSION = YES;
				GCC_WARN_ABOUT_RETURN_TYPE = YES_ERROR;
				GCC_WARN_UNDECLARED_SELECTOR = YES;
				GCC_WARN_UNINITIALIZED_AUTOS = YES_AGGRESSIVE;
				GCC_WARN_UNUSED_FUNCTION = YES;
				GCC_WARN_UNUSED_VARIABLE = YES;
				IPHONEOS_DEPLOYMENT_TARGET = 26.0;
				LOCALIZATION_PREFERS_STRING_CATALOGS = YES;
				MTL_ENABLE_DEBUG_INFO = NO;
				MTL_FAST_MATH = YES;
				SDKROOT = iphoneos;
				SWIFT_COMPILATION_MODE = wholemodule;
				VALIDATE_PRODUCT = YES;
			};
			name = Release;
		};
		7A3A7A0E2E9EFA80009511AF /* Debug */ = {
			isa = XCBuildConfiguration;
			buildSettings = {
				ASSETCATALOG_COMPILER_APPICON_NAME = AppIcon;
				ASSETCATALOG_COMPILER_GLOBAL_ACCENT_COLOR_NAME = AccentColor;
				CODE_SIGN_STYLE = Automatic;
				CURRENT_PROJECT_VERSION = 1;
				DEVELOPMENT_TEAM = 4ZP85T87G5;
				ENABLE_PREVIEWS = YES;
				GENERATE_INFOPLIST_FILE = YES;
				INFOPLIST_KEY_NSCameraUsageDescription = "This app needs access to camera to scan documents and convert them to PDF.";
				INFOPLIST_KEY_NSPhotoLibraryAddUsageDescription = "This app needs access to photo library to save scanned documents and PDFs.";
				INFOPLIST_KEY_NSPhotoLibraryUsageDescription = "This app needs access to photo library to import existing images for PDF creation.";
				INFOPLIST_KEY_UIApplicationSceneManifest_Generation = YES;
				INFOPLIST_KEY_UIApplicationSupportsIndirectInputEvents = YES;
				INFOPLIST_KEY_UILaunchScreen_Generation = YES;
				INFOPLIST_KEY_UISupportedInterfaceOrientations_iPad = "UIInterfaceOrientationPortrait UIInterfaceOrientationPortraitUpsideDown UIInterfaceOrientationLandscapeLeft UIInterfaceOrientationLandscapeRight";
				INFOPLIST_KEY_UISupportedInterfaceOrientations_iPhone = "UIInterfaceOrientationPortrait UIInterfaceOrientationLandscapeLeft UIInterfaceOrientationLandscapeRight";
				LD_RUNPATH_SEARCH_PATHS = (
					"$(inherited)",
					"@executable_path/Frameworks",
				);
				MARKETING_VERSION = 1.0;
				PRODUCT_BUNDLE_IDENTIFIER = com.sametbilgin.pdf;
				PRODUCT_NAME = "$(TARGET_NAME)";
				STRING_CATALOG_GENERATE_SYMBOLS = YES;
				SWIFT_APPROACHABLE_CONCURRENCY = YES;
				SWIFT_DEFAULT_ACTOR_ISOLATION = MainActor;
				SWIFT_EMIT_LOC_STRINGS = YES;
				SWIFT_UPCOMING_FEATURE_MEMBER_IMPORT_VISIBILITY = YES;
				SWIFT_VERSION = 5.0;
				TARGETED_DEVICE_FAMILY = "1,2";
			};
			name = Debug;
		};
		7A3A7A0F2E9EFA80009511AF /* Release */ = {
			isa = XCBuildConfiguration;
			buildSettings = {
				ASSETCATALOG_COMPILER_APPICON_NAME = AppIcon;
				ASSETCATALOG_COMPILER_GLOBAL_ACCENT_COLOR_NAME = AccentColor;
				CODE_SIGN_STYLE = Automatic;
				CURRENT_PROJECT_VERSION = 1;
				DEVELOPMENT_TEAM = 4ZP85T87G5;
				ENABLE_PREVIEWS = YES;
				GENERATE_INFOPLIST_FILE = YES;
				INFOPLIST_KEY_NSCameraUsageDescription = "This app needs access to camera to scan documents and convert them to PDF.";
				INFOPLIST_KEY_NSPhotoLibraryAddUsageDescription = "This app needs access to photo library to save scanned documents and PDFs.";
				INFOPLIST_KEY_NSPhotoLibraryUsageDescription = "This app needs access to photo library to import existing images for PDF creation.";
				INFOPLIST_KEY_UIApplicationSceneManifest_Generation = YES;
				INFOPLIST_KEY_UIApplicationSupportsIndirectInputEvents = YES;
				INFOPLIST_KEY_UILaunchScreen_Generation = YES;
				INFOPLIST_KEY_UISupportedInterfaceOrientations_iPad = "UIInterfaceOrientationPortrait UIInterfaceOrientationPortraitUpsideDown UIInterfaceOrientationLandscapeLeft UIInterfaceOrientationLandscapeRight";
				INFOPLIST_KEY_UISupportedInterfaceOrientations_iPhone = "UIInterfaceOrientationPortrait UIInterfaceOrientationLandscapeLeft UIInterfaceOrientationLandscapeRight";
				LD_RUNPATH_SEARCH_PATHS = (
					"$(inherited)",
					"@executable_path/Frameworks",
				);
				MARKETING_VERSION = 1.0;
				PRODUCT_BUNDLE_IDENTIFIER = com.sametbilgin.pdf;
				PRODUCT_NAME = "$(TARGET_NAME)";
				STRING_CATALOG_GENERATE_SYMBOLS = YES;
				SWIFT_APPROACHABLE_CONCURRENCY = YES;
				SWIFT_DEFAULT_ACTOR_ISOLATION = MainActor;
				SWIFT_EMIT_LOC_STRINGS = YES;
				SWIFT_UPCOMING_FEATURE_MEMBER_IMPORT_VISIBILITY = YES;
				SWIFT_VERSION = 5.0;
				TARGETED_DEVICE_FAMILY = "1,2";
			};
			name = Release;
		};
		7A3A7A112E9EFA80009511AF /* Debug */ = {
			isa = XCBuildConfiguration;
			buildSettings = {
				BUNDLE_LOADER = "$(TEST_HOST)";
				CODE_SIGN_STYLE = Automatic;
				CURRENT_PROJECT_VERSION = 1;
				DEVELOPMENT_TEAM = 4ZP85T87G5;
				GENERATE_INFOPLIST_FILE = YES;
				IPHONEOS_DEPLOYMENT_TARGET = 26.0;
				MARKETING_VERSION = 1.0;
				PRODUCT_BUNDLE_IDENTIFIER = com.sametbilgin.pdfTests;
				PRODUCT_NAME = "$(TARGET_NAME)";
				STRING_CATALOG_GENERATE_SYMBOLS = NO;
				SWIFT_APPROACHABLE_CONCURRENCY = YES;
				SWIFT_EMIT_LOC_STRINGS = NO;
				SWIFT_UPCOMING_FEATURE_MEMBER_IMPORT_VISIBILITY = YES;
				SWIFT_VERSION = 5.0;
				TARGETED_DEVICE_FAMILY = "1,2";
				TEST_HOST = "$(BUILT_PRODUCTS_DIR)/pdf.app/$(BUNDLE_EXECUTABLE_FOLDER_PATH)/pdf";
			};
			name = Debug;
		};
		7A3A7A122E9EFA80009511AF /* Release */ = {
			isa = XCBuildConfiguration;
			buildSettings = {
				BUNDLE_LOADER = "$(TEST_HOST)";
				CODE_SIGN_STYLE = Automatic;
				CURRENT_PROJECT_VERSION = 1;
				DEVELOPMENT_TEAM = 4ZP85T87G5;
				GENERATE_INFOPLIST_FILE = YES;
				IPHONEOS_DEPLOYMENT_TARGET = 26.0;
				MARKETING_VERSION = 1.0;
				PRODUCT_BUNDLE_IDENTIFIER = com.sametbilgin.pdfTests;
				PRODUCT_NAME = "$(TARGET_NAME)";
				STRING_CATALOG_GENERATE_SYMBOLS = NO;
				SWIFT_APPROACHABLE_CONCURRENCY = YES;
				SWIFT_EMIT_LOC_STRINGS = NO;
				SWIFT_UPCOMING_FEATURE_MEMBER_IMPORT_VISIBILITY = YES;
				SWIFT_VERSION = 5.0;
				TARGETED_DEVICE_FAMILY = "1,2";
				TEST_HOST = "$(BUILT_PRODUCTS_DIR)/pdf.app/$(BUNDLE_EXECUTABLE_FOLDER_PATH)/pdf";
			};
			name = Release;
		};
		7A3A7A142E9EFA80009511AF /* Debug */ = {
			isa = XCBuildConfiguration;
			buildSettings = {
				CODE_SIGN_STYLE = Automatic;
				CURRENT_PROJECT_VERSION = 1;
				DEVELOPMENT_TEAM = 4ZP85T87G5;
				GENERATE_INFOPLIST_FILE = YES;
				MARKETING_VERSION = 1.0;
				PRODUCT_BUNDLE_IDENTIFIER = com.sametbilgin.pdfUITests;
				PRODUCT_NAME = "$(TARGET_NAME)";
				STRING_CATALOG_GENERATE_SYMBOLS = NO;
				SWIFT_APPROACHABLE_CONCURRENCY = YES;
				SWIFT_EMIT_LOC_STRINGS = NO;
				SWIFT_UPCOMING_FEATURE_MEMBER_IMPORT_VISIBILITY = YES;
				SWIFT_VERSION = 5.0;
				TARGETED_DEVICE_FAMILY = "1,2";
				TEST_TARGET_NAME = pdf;
			};
			name = Debug;
		};
		7A3A7A152E9EFA80009511AF /* Release */ = {
			isa = XCBuildConfiguration;
			buildSettings = {
				CODE_SIGN_STYLE = Automatic;
				CURRENT_PROJECT_VERSION = 1;
				DEVELOPMENT_TEAM = 4ZP85T87G5;
				GENERATE_INFOPLIST_FILE = YES;
				MARKETING_VERSION = 1.0;
				PRODUCT_BUNDLE_IDENTIFIER = com.sametbilgin.pdfUITests;
				PRODUCT_NAME = "$(TARGET_NAME)";
				STRING_CATALOG_GENERATE_SYMBOLS = NO;
				SWIFT_APPROACHABLE_CONCURRENCY = YES;
				SWIFT_EMIT_LOC_STRINGS = NO;
				SWIFT_UPCOMING_FEATURE_MEMBER_IMPORT_VISIBILITY = YES;
				SWIFT_VERSION = 5.0;
				TARGETED_DEVICE_FAMILY = "1,2";
				TEST_TARGET_NAME = pdf;
			};
			name = Release;
		};
/* End XCBuildConfiguration section */

/* Begin XCConfigurationList section */
		7A3A79E72E9EFA7E009511AF /* Build configuration list for PBXProject "pdf" */ = {
			isa = XCConfigurationList;
			buildConfigurations = (
				7A3A7A0B2E9EFA80009511AF /* Debug */,
				7A3A7A0C2E9EFA80009511AF /* Release */,
			);
			defaultConfigurationIsVisible = 0;
			defaultConfigurationName = Release;
		};
		7A3A7A0D2E9EFA80009511AF /* Build configuration list for PBXNativeTarget "pdf" */ = {
			isa = XCConfigurationList;
			buildConfigurations = (
				7A3A7A0E2E9EFA80009511AF /* Debug */,
				7A3A7A0F2E9EFA80009511AF /* Release */,
			);
			defaultConfigurationIsVisible = 0;
			defaultConfigurationName = Release;
		};
		7A3A7A102E9EFA80009511AF /* Build configuration list for PBXNativeTarget "pdfTests" */ = {
			isa = XCConfigurationList;
			buildConfigurations = (
				7A3A7A112E9EFA80009511AF /* Debug */,
				7A3A7A122E9EFA80009511AF /* Release */,
			);
			defaultConfigurationIsVisible = 0;
			defaultConfigurationName = Release;
		};
		7A3A7A132E9EFA80009511AF /* Build configuration list for PBXNativeTarget "pdfUITests" */ = {
			isa = XCConfigurationList;
			buildConfigurations = (
				7A3A7A142E9EFA80009511AF /* Debug */,
				7A3A7A152E9EFA80009511AF /* Release */,
			);
			defaultConfigurationIsVisible = 0;
			defaultConfigurationName = Release;
		};
/* End XCConfigurationList section */

/* Begin XCRemoteSwiftPackageReference section */
		7ADCD5A02EA8F90100CEDBDE /* XCRemoteSwiftPackageReference "purchases-ios" */ = {
			isa = XCRemoteSwiftPackageReference;
			repositoryURL = "https://github.com/RevenueCat/purchases-ios.git";
			requirement = {
				kind = upToNextMajorVersion;
				minimumVersion = 5.44.1;
			};
		};
/* End XCRemoteSwiftPackageReference section */

/* Begin XCSwiftPackageProductDependency section */
		7ADCD5A12EA8F90100CEDBDE /* RevenueCat */ = {
			isa = XCSwiftPackageProductDependency;
			package = 7ADCD5A02EA8F90100CEDBDE /* XCRemoteSwiftPackageReference "purchases-ios" */;
			productName = RevenueCat;
		};
/* End XCSwiftPackageProductDependency section */
	};
	rootObject = 7A3A79E42E9EFA7E009511AF /* Project object */;
}
